
Microsoft Visual Studio Solution File, Format Version 12.00
# Visual Studio Version 16
VisualStudioVersion = 16.0.31702.278
MinimumVisualStudioVersion = 10.0.40219.1
Project("{FAE04EC0-301F-11D3-BF4B-00C04F79EFBC}") = "Simulation Lab 1", "Simulation Lab 1\Simulation Lab 1.csproj", "{786B67C5-304D-49C1-BFCB-DFB849985829}"
EndProject
Global
	GlobalSection(SolutionConfigurationPlatforms) = preSolution
		Debug|Any CPU = Debug|Any CPU
		Release|Any CPU = Release|Any CPU
	EndGlobalSection
	GlobalSection(ProjectConfigurationPlatforms) = postSolution
		{786B67C5-304D-49C1-BFCB-DFB849985829}.Debug|Any CPU.ActiveCfg = Debug|Any CPU
		{786B67C5-304D-49C1-BFCB-DFB849985829}.Debug|Any CPU.Build.0 = Debug|Any CPU
		{786B67C5-304D-49C1-BFCB-DFB849985829}.Release|Any CPU.ActiveCfg = Release|Any CPU
		{786B67C5-304D-49C1-BFCB-DFB849985829}.Release|Any CPU.Build.0 = Release|Any CPU
	EndGlobalSection
	GlobalSection(SolutionProperties) = preSolution
		HideSolutionNode = FALSE
	EndGlobalSection
	GlobalSection(ExtensibilityGlobals) = postSolution
		SolutionGuid = {8D73EC17-26CD-48B5-9477-26F5E6E434EF}
	EndGlobalSection
EndGlobal
